// !$*UTF8*$!
{
	archiveVersion = 1;
	classes = {
	};
	objectVersion = 46;
	objects = {

/* Begin PBXBuildFile section */
		952828E21EB9F7F20028149E /* AppDelegate.swift in Sources */ = {isa = PBXBuildFile; fileRef = 952828E11EB9F7F20028149E /* AppDelegate.swift */; };
		952828E41EB9F7F20028149E /* ViewController.swift in Sources */ = {isa = PBXBuildFile; fileRef = 952828E31EB9F7F20028149E /* ViewController.swift */; };
		952828E61EB9F7F20028149E /* ColorSetDocument.swift in Sources */ = {isa = PBXBuildFile; fileRef = 952828E51EB9F7F20028149E /* ColorSetDocument.swift */; };
		952828E81EB9F7F20028149E /* Assets.xcassets in Resources */ = {isa = PBXBuildFile; fileRef = 952828E71EB9F7F20028149E /* Assets.xcassets */; };
		952828EB1EB9F7F20028149E /* Main.storyboard in Resources */ = {isa = PBXBuildFile; fileRef = 952828E91EB9F7F20028149E /* Main.storyboard */; };
		952828F31EB9F8090028149E /* ColorSet.swift in Sources */ = {isa = PBXBuildFile; fileRef = 952828F21EB9F8090028149E /* ColorSet.swift */; };
		952828F51EB9F86E0028149E /* Helpers.swift in Sources */ = {isa = PBXBuildFile; fileRef = 952828F41EB9F86E0028149E /* Helpers.swift */; };
/* End PBXBuildFile section */

/* Begin PBXFileReference section */
		952828DE1EB9F7F20028149E /* Colorizer.app */ = {isa = PBXFileReference; explicitFileType = wrapper.application; includeInIndex = 0; path = Colorizer.app; sourceTree = BUILT_PRODUCTS_DIR; };
		952828E11EB9F7F20028149E /* AppDelegate.swift */ = {isa = PBXFileReference; lastKnownFileType = sourcecode.swift; path = AppDelegate.swift; sourceTree = "<group>"; };
		952828E31EB9F7F20028149E /* ViewController.swift */ = {isa = PBXFileReference; lastKnownFileType = sourcecode.swift; path = ViewController.swift; sourceTree = "<group>"; };
		952828E51EB9F7F20028149E /* ColorSetDocument.swift */ = {isa = PBXFileReference; lastKnownFileType = sourcecode.swift; path = ColorSetDocument.swift; sourceTree = "<group>"; };
		952828E71EB9F7F20028149E /* Assets.xcassets */ = {isa = PBXFileReference; lastKnownFileType = folder.assetcatalog; path = Assets.xcassets; sourceTree = "<group>"; };
		952828EA1EB9F7F20028149E /* Base */ = {isa = PBXFileReference; lastKnownFileType = file.storyboard; name = Base; path = Base.lproj/Main.storyboard; sourceTree = "<group>"; };
		952828EC1EB9F7F20028149E /* Info.plist */ = {isa = PBXFileReference; lastKnownFileType = text.plist.xml; path = Info.plist; sourceTree = "<group>"; };
		952828F21EB9F8090028149E /* ColorSet.swift */ = {isa = PBXFileReference; fileEncoding = 4; lastKnownFileType = sourcecode.swift; path = ColorSet.swift; sourceTree = "<group>"; };
		952828F41EB9F86E0028149E /* Helpers.swift */ = {isa = PBXFileReference; fileEncoding = 4; lastKnownFileType = sourcecode.swift; path = Helpers.swift; sourceTree = "<group>"; };
/* End PBXFileReference section */

/* Begin PBXFrameworksBuildPhase section */
		952828DB1EB9F7F20028149E /* Frameworks */ = {
			isa = PBXFrameworksBuildPhase;
			buildActionMask = 2147483647;
			files = (
			);
			runOnlyForDeploymentPostprocessing = 0;
		};
/* End PBXFrameworksBuildPhase section */

/* Begin PBXGroup section */
		952828D51EB9F7F20028149E = {
			isa = PBXGroup;
			children = (
				952828E01EB9F7F20028149E /* Colorizer */,
				952828DF1EB9F7F20028149E /* Products */,
			);
			sourceTree = "<group>";
		};
		952828DF1EB9F7F20028149E /* Products */ = {
			isa = PBXGroup;
			children = (
				952828DE1EB9F7F20028149E /* Colorizer.app */,
			);
			name = Products;
			sourceTree = "<group>";
		};
		952828E01EB9F7F20028149E /* Colorizer */ = {
			isa = PBXGroup;
			children = (
				952828E11EB9F7F20028149E /* AppDelegate.swift */,
				952828E31EB9F7F20028149E /* ViewController.swift */,
				952828E51EB9F7F20028149E /* ColorSetDocument.swift */,
				952828F21EB9F8090028149E /* ColorSet.swift */,
				952828F41EB9F86E0028149E /* Helpers.swift */,
				952828E71EB9F7F20028149E /* Assets.xcassets */,
				952828E91EB9F7F20028149E /* Main.storyboard */,
				952828EC1EB9F7F20028149E /* Info.plist */,
			);
			path = Colorizer;
			sourceTree = "<group>";
		};
/* End PBXGroup section */

/* Begin PBXNativeTarget section */
		952828DD1EB9F7F20028149E /* Colorizer */ = {
			isa = PBXNativeTarget;
			buildConfigurationList = 952828EF1EB9F7F20028149E /* Build configuration list for PBXNativeTarget "Colorizer" */;
			buildPhases = (
				952828DA1EB9F7F20028149E /* Sources */,
				952828DB1EB9F7F20028149E /* Frameworks */,
				952828DC1EB9F7F20028149E /* Resources */,
			);
			buildRules = (
			);
			dependencies = (
			);
			name = Colorizer;
			productName = Colorizer;
			productReference = 952828DE1EB9F7F20028149E /* Colorizer.app */;
			productType = "com.apple.product-type.application";
		};
/* End PBXNativeTarget section */

/* Begin PBXProject section */
		952828D61EB9F7F20028149E /* Project object */ = {
			isa = PBXProject;
			attributes = {
				LastSwiftUpdateCheck = 0830;
				LastUpgradeCheck = 0830;
				ORGANIZATIONNAME = "Julian Dunskus";
				TargetAttributes = {
					952828DD1EB9F7F20028149E = {
						CreatedOnToolsVersion = 8.3.2;
						DevelopmentTeam = V2EPDFA9PV;
						ProvisioningStyle = Automatic;
					};
				};
			};
			buildConfigurationList = 952828D91EB9F7F20028149E /* Build configuration list for PBXProject "Colorizer" */;
			compatibilityVersion = "Xcode 3.2";
			developmentRegion = English;
			hasScannedForEncodings = 0;
			knownRegions = (
				en,
				Base,
			);
			mainGroup = 952828D51EB9F7F20028149E;
			productRefGroup = 952828DF1EB9F7F20028149E /* Products */;
			projectDirPath = "";
			projectRoot = "";
			targets = (
				952828DD1EB9F7F20028149E /* Colorizer */,
			);
		};
/* End PBXProject section */

/* Begin PBXResourcesBuildPhase section */
		952828DC1EB9F7F20028149E /* Resources */ = {
			isa = PBXResourcesBuildPhase;
			buildActionMask = 2147483647;
			files = (
				952828E81EB9F7F20028149E /* Assets.xcassets in Resources */,
				952828EB1EB9F7F20028149E /* Main.storyboard in Resources */,
			);
			runOnlyForDeploymentPostprocessing = 0;
		};
/* End PBXResourcesBuildPhase section */

/* Begin PBXSourcesBuildPhase section */
		952828DA1EB9F7F20028149E /* Sources */ = {
			isa = PBXSourcesBuildPhase;
			buildActionMask = 2147483647;
			files = (
				952828F31EB9F8090028149E /* ColorSet.swift in Sources */,
				952828E41EB9F7F20028149E /* ViewController.swift in Sources */,
				952828E21EB9F7F20028149E /* AppDelegate.swift in Sources */,
				952828F51EB9F86E0028149E /* Helpers.swift in Sources */,
				952828E61EB9F7F20028149E /* ColorSetDocument.swift in Sources */,
			);
			runOnlyForDeploymentPostprocessing = 0;
		};
/* End PBXSourcesBuildPhase section */

/* Begin PBXVariantGroup section */
		952828E91EB9F7F20028149E /* Main.storyboard */ = {
			isa = PBXVariantGroup;
			children = (
				952828EA1EB9F7F20028149E /* Base */,
			);
			name = Main.storyboard;
			sourceTree = "<group>";
		};
/* End PBXVariantGroup section */

/* Begin XCBuildConfiguration section */
		952828ED1EB9F7F20028149E /* Debug */ = {
			isa = XCBuildConfiguration;
			buildSettings = {
				ALWAYS_SEARCH_USER_PATHS = NO;
				CLANG_ANALYZER_NONNULL = YES;
				CLANG_ANALYZER_NUMBER_OBJECT_CONVERSION = YES_AGGRESSIVE;
				CLANG_CXX_LANGUAGE_STANDARD = "gnu++0x";
				CLANG_CXX_LIBRARY = "libc++";
				CLANG_ENABLE_MODULES = YES;
				CLANG_ENABLE_OBJC_ARC = YES;
				CLANG_WARN_BOOL_CONVERSION = YES;
				CLANG_WARN_CONSTANT_CONVERSION = YES;
				CLANG_WARN_DIRECT_OBJC_ISA_USAGE = YES_ERROR;
				CLANG_WARN_DOCUMENTATION_COMMENTS = YES;
				CLANG_WARN_EMPTY_BODY = YES;
				CLANG_WARN_ENUM_CONVERSION = YES;
				CLANG_WARN_INFINITE_RECURSION = YES;
				CLANG_WARN_INT_CONVERSION = YES;
				CLANG_WARN_OBJC_ROOT_CLASS = YES_ERROR;
				CLANG_WARN_SUSPICIOUS_MOVE = YES;
				CLANG_WARN_UNREACHABLE_CODE = YES;
				CLANG_WARN__DUPLICATE_METHOD_MATCH = YES;
				CODE_SIGN_IDENTITY = "-";
				COPY_PHASE_STRIP = NO;
				DEBUG_INFORMATION_FORMAT = dwarf;
				ENABLE_STRICT_OBJC_MSGSEND = YES;
				ENABLE_TESTABILITY = YES;
				GCC_C_LANGUAGE_STANDARD = gnu99;
				GCC_DYNAMIC_NO_PIC = NO;
				GCC_NO_COMMON_BLOCKS = YES;
				GCC_OPTIMIZATION_LEVEL = 0;
				GCC_PREPROCESSOR_DEFINITIONS = (
					"DEBUG=1",
					"$(inherited)",
				);
				GCC_WARN_64_TO_32_BIT_CONVERSION = YES;
				GCC_WARN_ABOUT_RETURN_TYPE = YES_ERROR;
				GCC_WARN_UNDECLARED_SELECTOR = YES;
				GCC_WARN_UNINITIALIZED_AUTOS = YES_AGGRESSIVE;
				GCC_WARN_UNUSED_FUNCTION = YES;
				GCC_WARN_UNUSED_VARIABLE = YES;
				MACOSX_DEPLOYMENT_TARGET = 10.12;
				MTL_ENABLE_DEBUG_INFO = YES;
				ONLY_ACTIVE_ARCH = YES;
				SDKROOT = macosx;
				SWIFT_ACTIVE_COMPILATION_CONDITIONS = DEBUG;
				SWIFT_OPTIMIZATION_LEVEL = "-Onone";
			};
			name = Debug;
		};
		952828EE1EB9F7F20028149E /* Release */ = {
			isa = XCBuildConfiguration;
			buildSettings = {
				ALWAYS_SEARCH_USER_PATHS = NO;
				CLANG_ANALYZER_NONNULL = YES;
				CLANG_ANALYZER_NUMBER_OBJECT_CONVERSION = YES_AGGRESSIVE;
				CLANG_CXX_LANGUAGE_STANDARD = "gnu++0x";
				CLANG_CXX_LIBRARY = "libc++";
				CLANG_ENABLE_MODULES = YES;
				CLANG_ENABLE_OBJC_ARC = YES;
				CLANG_WARN_BOOL_CONVERSION = YES;
				CLANG_WARN_CONSTANT_CONVERSION = YES;
				CLANG_WARN_DIRECT_OBJC_ISA_USAGE = YES_ERROR;
				CLANG_WARN_DOCUMENTATION_COMMENTS = YES;
				CLANG_WARN_EMPTY_BODY = YES;
				CLANG_WARN_ENUM_CONVERSION = YES;
				CLANG_WARN_INFINITE_RECURSION = YES;
				CLANG_WARN_INT_CONVERSION = YES;
				CLANG_WARN_OBJC_ROOT_CLASS = YES_ERROR;
				CLANG_WARN_SUSPICIOUS_MOVE = YES;
				CLANG_WARN_UNREACHABLE_CODE = YES;
				CLANG_WARN__DUPLICATE_METHOD_MATCH = YES;
				CODE_SIGN_IDENTITY = "-";
				COPY_PHASE_STRIP = NO;
				DEBUG_INFORMATION_FORMAT = "dwarf-with-dsym";
				ENABLE_NS_ASSERTIONS = NO;
				ENABLE_STRICT_OBJC_MSGSEND = YES;
				GCC_C_LANGUAGE_STANDARD = gnu99;
				GCC_NO_COMMON_BLOCKS = YES;
				GCC_WARN_64_TO_32_BIT_CONVERSION = YES;
				GCC_WARN_ABOUT_RETURN_TYPE = YES_ERROR;
				GCC_WARN_UNDECLARED_SELECTOR = YES;
				GCC_WARN_UNINITIALIZED_AUTOS = YES_AGGRESSIVE;
				GCC_WARN_UNUSED_FUNCTION = YES;
				GCC_WARN_UNUSED_VARIABLE = YES;
				MACOSX_DEPLOYMENT_TARGET = 10.12;
				MTL_ENABLE_DEBUG_INFO = NO;
				SDKROOT = macosx;
				SWIFT_OPTIMIZATION_LEVEL = "-Owholemodule";
			};
			name = Release;
		};
		952828F01EB9F7F20028149E /* Debug */ = {
			isa = XCBuildConfiguration;
			buildSettings = {
				ASSETCATALOG_COMPILER_APPICON_NAME = AppIcon;
				COMBINE_HIDPI_IMAGES = YES;
				DEVELOPMENT_TEAM = V2EPDFA9PV;
				INFOPLIST_FILE = Colorizer/Info.plist;
				LD_RUNPATH_SEARCH_PATHS = "$(inherited) @executable_path/../Frameworks";
				PRODUCT_BUNDLE_IDENTIFIER = com.juliand665.Colorizer;
				PRODUCT_NAME = "$(TARGET_NAME)";
				SWIFT_VERSION = 3.0;
			};
			name = Debug;
		};
		952828F11EB9F7F20028149E /* Release */ = {
			isa = XCBuildConfiguration;
			buildSettings = {
				ASSETCATALOG_COMPILER_APPICON_NAME = AppIcon;
				COMBINE_HIDPI_IMAGES = YES;
				DEVELOPMENT_TEAM = V2EPDFA9PV;
				INFOPLIST_FILE = Colorizer/Info.plist;
				LD_RUNPATH_SEARCH_PATHS = "$(inherited) @executable_path/../Frameworks";
				PRODUCT_BUNDLE_IDENTIFIER = com.juliand665.Colorizer;
				PRODUCT_NAME = "$(TARGET_NAME)";
				SWIFT_VERSION = 3.0;
			};
			name = Release;
		};
/* End XCBuildConfiguration section */

/* Begin XCConfigurationList section */
		952828D91EB9F7F20028149E /* Build configuration list for PBXProject "Colorizer" */ = {
			isa = XCConfigurationList;
			buildConfigurations = (
				952828ED1EB9F7F20028149E /* Debug */,
				952828EE1EB9F7F20028149E /* Release */,
			);
			defaultConfigurationIsVisible = 0;
			defaultConfigurationName = Release;
		};
		952828EF1EB9F7F20028149E /* Build configuration list for PBXNativeTarget "Colorizer" */ = {
			isa = XCConfigurationList;
			buildConfigurations = (
				952828F01EB9F7F20028149E /* Debug */,
				952828F11EB9F7F20028149E /* Release */,
			);
			defaultConfigurationIsVisible = 0;
		};
/* End XCConfigurationList section */
	};
	rootObject = 952828D61EB9F7F20028149E /* Project object */;
}
