// !$*UTF8*$!
{
	archiveVersion = 1;
	classes = {
	};
	objectVersion = 46;
	objects = {

/* Begin PBXBuildFile section */
		952828E21EB9F7F20028149E /* AppDelegate.swift in Sources */ = {isa = PBXBuildFile; fileRef = 952828E11EB9F7F20028149E /* AppDelegate.swift */; };
		952828E41EB9F7F20028149E /* MainViewController.swift in Sources */ = {isa = PBXBuildFile; fileRef = 952828E31EB9F7F20028149E /* MainViewController.swift */; };
		952828E61EB9F7F20028149E /* ColorSetDocument.swift in Sources */ = {isa = PBXBuildFile; fileRef = 952828E51EB9F7F20028149E /* ColorSetDocument.swift */; };
		952828E81EB9F7F20028149E /* Assets.xcassets in Resources */ = {isa = PBXBuildFile; fileRef = 952828E71EB9F7F20028149E /* Assets.xcassets */; };
		952828EB1EB9F7F20028149E /* Main.storyboard in Resources */ = {isa = PBXBuildFile; fileRef = 952828E91EB9F7F20028149E /* Main.storyboard */; };
		952828F31EB9F8090028149E /* ColorSet.swift in Sources */ = {isa = PBXBuildFile; fileRef = 952828F21EB9F8090028149E /* ColorSet.swift */; };
		952828F51EB9F86E0028149E /* UIHelpers.swift in Sources */ = {isa = PBXBuildFile; fileRef = 952828F41EB9F86E0028149E /* UIHelpers.swift */; };
		952EAFF4202905B400988253 /* Base.swift in Sources */ = {isa = PBXBuildFile; fileRef = 952EAFF3202905B400988253 /* Base.swift */; };
		9550A0D0201E87FF00BAF7EE /* ColorizationViewController.swift in Sources */ = {isa = PBXBuildFile; fileRef = 9550A0CF201E87FF00BAF7EE /* ColorizationViewController.swift */; };
		9550A0D2201E8E0300BAF7EE /* HelpViewController.swift in Sources */ = {isa = PBXBuildFile; fileRef = 9550A0D1201E8E0300BAF7EE /* HelpViewController.swift */; };
		9557FD13202FD95200F9FA6B /* Helpers.swift in Sources */ = {isa = PBXBuildFile; fileRef = 9557FD12202FD95200F9FA6B /* Helpers.swift */; };
		956568BB1EDCFA6A00F8E6BE /* PixelPerfectImageView.swift in Sources */ = {isa = PBXBuildFile; fileRef = 956568BA1EDCFA6A00F8E6BE /* PixelPerfectImageView.swift */; };
		956FAFA2216930FA00537324 /* DocumentIcon.icns in Resources */ = {isa = PBXBuildFile; fileRef = 956FAFA1216930FA00537324 /* DocumentIcon.icns */; };
		957BC5CA2033C85A00ABF7BB /* TextureViewController.swift in Sources */ = {isa = PBXBuildFile; fileRef = 957BC5C92033C85A00ABF7BB /* TextureViewController.swift */; };
		957BC5CC2034993C00ABF7BB /* TextureLevelsView.swift in Sources */ = {isa = PBXBuildFile; fileRef = 957BC5CB2034993C00ABF7BB /* TextureLevelsView.swift */; };
		957BC5CE2034BE3B00ABF7BB /* Bitmap.framework in Frameworks */ = {isa = PBXBuildFile; fileRef = 957BC5CD2034BE3B00ABF7BB /* Bitmap.framework */; };
		957BC5CF2034BE3B00ABF7BB /* Bitmap.framework in Embed Frameworks */ = {isa = PBXBuildFile; fileRef = 957BC5CD2034BE3B00ABF7BB /* Bitmap.framework */; settings = {ATTRIBUTES = (CodeSignOnCopy, RemoveHeadersOnCopy, ); }; };
		957BC5D22034BF5800ABF7BB /* Texture.swift in Sources */ = {isa = PBXBuildFile; fileRef = 957BC5D12034BF5800ABF7BB /* Texture.swift */; };
		957BC5D42034BF6A00ABF7BB /* Colorization.swift in Sources */ = {isa = PBXBuildFile; fileRef = 957BC5D32034BF6900ABF7BB /* Colorization.swift */; };
		957BC5D62034DADE00ABF7BB /* GradientView.swift in Sources */ = {isa = PBXBuildFile; fileRef = 957BC5D52034DADE00ABF7BB /* GradientView.swift */; };
		9595EA7A201E5DF700634E8E /* HeaderCellView.swift in Sources */ = {isa = PBXBuildFile; fileRef = 9595EA79201E5DF700634E8E /* HeaderCellView.swift */; };
		9595EA7C201E5E0900634E8E /* ColorizationCellView.swift in Sources */ = {isa = PBXBuildFile; fileRef = 9595EA7B201E5E0900634E8E /* ColorizationCellView.swift */; };
		9595EA7E201E5E1A00634E8E /* TextureCellView.swift in Sources */ = {isa = PBXBuildFile; fileRef = 9595EA7D201E5E1A00634E8E /* TextureCellView.swift */; };
		95C76D06202105A9005A72D1 /* SidebarView.swift in Sources */ = {isa = PBXBuildFile; fileRef = 95C76D05202105A9005A72D1 /* SidebarView.swift */; };
		95EC77EB2037D5B200291145 /* PreviewItem.xib in Resources */ = {isa = PBXBuildFile; fileRef = 95EC77EA2037D5B200291145 /* PreviewItem.xib */; };
		95EC77ED203896DD00291145 /* DiscardingQueue.swift in Sources */ = {isa = PBXBuildFile; fileRef = 95EC77EC203896DD00291145 /* DiscardingQueue.swift */; };
		95EC77F12038B15E00291145 /* PreviewViewController.swift in Sources */ = {isa = PBXBuildFile; fileRef = 95EC77F02038B15E00291145 /* PreviewViewController.swift */; };
/* End PBXBuildFile section */

/* Begin PBXCopyFilesBuildPhase section */
		957BC5D02034BE3B00ABF7BB /* Embed Frameworks */ = {
			isa = PBXCopyFilesBuildPhase;
			buildActionMask = 2147483647;
			dstPath = "";
			dstSubfolderSpec = 10;
			files = (
				957BC5CF2034BE3B00ABF7BB /* Bitmap.framework in Embed Frameworks */,
			);
			name = "Embed Frameworks";
			runOnlyForDeploymentPostprocessing = 0;
		};
/* End PBXCopyFilesBuildPhase section */

/* Begin PBXFileReference section */
		952828DE1EB9F7F20028149E /* Colorizer.app */ = {isa = PBXFileReference; explicitFileType = wrapper.application; includeInIndex = 0; path = Colorizer.app; sourceTree = BUILT_PRODUCTS_DIR; };
		952828E11EB9F7F20028149E /* AppDelegate.swift */ = {isa = PBXFileReference; lastKnownFileType = sourcecode.swift; path = AppDelegate.swift; sourceTree = "<group>"; };
		952828E31EB9F7F20028149E /* MainViewController.swift */ = {isa = PBXFileReference; lastKnownFileType = sourcecode.swift; path = MainViewController.swift; sourceTree = "<group>"; };
		952828E51EB9F7F20028149E /* ColorSetDocument.swift */ = {isa = PBXFileReference; lastKnownFileType = sourcecode.swift; path = ColorSetDocument.swift; sourceTree = "<group>"; };
		952828E71EB9F7F20028149E /* Assets.xcassets */ = {isa = PBXFileReference; lastKnownFileType = folder.assetcatalog; path = Assets.xcassets; sourceTree = "<group>"; };
		952828EA1EB9F7F20028149E /* Base */ = {isa = PBXFileReference; lastKnownFileType = file.storyboard; name = Base; path = Base.lproj/Main.storyboard; sourceTree = "<group>"; };
		952828EC1EB9F7F20028149E /* Info.plist */ = {isa = PBXFileReference; lastKnownFileType = text.plist.xml; path = Info.plist; sourceTree = "<group>"; };
		952828F21EB9F8090028149E /* ColorSet.swift */ = {isa = PBXFileReference; fileEncoding = 4; lastKnownFileType = sourcecode.swift; path = ColorSet.swift; sourceTree = "<group>"; };
		952828F41EB9F86E0028149E /* UIHelpers.swift */ = {isa = PBXFileReference; fileEncoding = 4; lastKnownFileType = sourcecode.swift; path = UIHelpers.swift; sourceTree = "<group>"; };
		952EAFF3202905B400988253 /* Base.swift */ = {isa = PBXFileReference; lastKnownFileType = sourcecode.swift; path = Base.swift; sourceTree = "<group>"; };
		9550A0CF201E87FF00BAF7EE /* ColorizationViewController.swift */ = {isa = PBXFileReference; lastKnownFileType = sourcecode.swift; path = ColorizationViewController.swift; sourceTree = "<group>"; };
		9550A0D1201E8E0300BAF7EE /* HelpViewController.swift */ = {isa = PBXFileReference; lastKnownFileType = sourcecode.swift; path = HelpViewController.swift; sourceTree = "<group>"; };
		9550A0D5201F7E4F00BAF7EE /* Colorizer.entitlements */ = {isa = PBXFileReference; lastKnownFileType = text.plist.entitlements; path = Colorizer.entitlements; sourceTree = "<group>"; };
		9557FD12202FD95200F9FA6B /* Helpers.swift */ = {isa = PBXFileReference; lastKnownFileType = sourcecode.swift; path = Helpers.swift; sourceTree = "<group>"; };
		956568BA1EDCFA6A00F8E6BE /* PixelPerfectImageView.swift */ = {isa = PBXFileReference; fileEncoding = 4; lastKnownFileType = sourcecode.swift; path = PixelPerfectImageView.swift; sourceTree = "<group>"; };
		956FAFA1216930FA00537324 /* DocumentIcon.icns */ = {isa = PBXFileReference; lastKnownFileType = image.icns; name = DocumentIcon.icns; path = Design/DocumentIcon.icns; sourceTree = SOURCE_ROOT; };
		957BC5C92033C85A00ABF7BB /* TextureViewController.swift */ = {isa = PBXFileReference; lastKnownFileType = sourcecode.swift; path = TextureViewController.swift; sourceTree = "<group>"; };
		957BC5CB2034993C00ABF7BB /* TextureLevelsView.swift */ = {isa = PBXFileReference; lastKnownFileType = sourcecode.swift; path = TextureLevelsView.swift; sourceTree = "<group>"; };
		957BC5CD2034BE3B00ABF7BB /* Bitmap.framework */ = {isa = PBXFileReference; lastKnownFileType = wrapper.framework; name = Bitmap.framework; path = Carthage/Build/Mac/Bitmap.framework; sourceTree = "<group>"; };
		957BC5D12034BF5800ABF7BB /* Texture.swift */ = {isa = PBXFileReference; lastKnownFileType = sourcecode.swift; path = Texture.swift; sourceTree = "<group>"; };
		957BC5D32034BF6900ABF7BB /* Colorization.swift */ = {isa = PBXFileReference; lastKnownFileType = sourcecode.swift; path = Colorization.swift; sourceTree = "<group>"; };
		957BC5D52034DADE00ABF7BB /* GradientView.swift */ = {isa = PBXFileReference; lastKnownFileType = sourcecode.swift; path = GradientView.swift; sourceTree = "<group>"; };
		9595EA79201E5DF700634E8E /* HeaderCellView.swift */ = {isa = PBXFileReference; lastKnownFileType = sourcecode.swift; path = HeaderCellView.swift; sourceTree = "<group>"; };
		9595EA7B201E5E0900634E8E /* ColorizationCellView.swift */ = {isa = PBXFileReference; lastKnownFileType = sourcecode.swift; path = ColorizationCellView.swift; sourceTree = "<group>"; };
		9595EA7D201E5E1A00634E8E /* TextureCellView.swift */ = {isa = PBXFileReference; lastKnownFileType = sourcecode.swift; path = TextureCellView.swift; sourceTree = "<group>"; };
		95C76D05202105A9005A72D1 /* SidebarView.swift */ = {isa = PBXFileReference; lastKnownFileType = sourcecode.swift; path = SidebarView.swift; sourceTree = "<group>"; };
		95EC77EA2037D5B200291145 /* PreviewItem.xib */ = {isa = PBXFileReference; lastKnownFileType = file.xib; path = PreviewItem.xib; sourceTree = "<group>"; };
		95EC77EC203896DD00291145 /* DiscardingQueue.swift */ = {isa = PBXFileReference; lastKnownFileType = sourcecode.swift; path = DiscardingQueue.swift; sourceTree = "<group>"; };
		95EC77F02038B15E00291145 /* PreviewViewController.swift */ = {isa = PBXFileReference; lastKnownFileType = sourcecode.swift; path = PreviewViewController.swift; sourceTree = "<group>"; };
/* End PBXFileReference section */

/* Begin PBXFrameworksBuildPhase section */
		952828DB1EB9F7F20028149E /* Frameworks */ = {
			isa = PBXFrameworksBuildPhase;
			buildActionMask = 2147483647;
			files = (
				957BC5CE2034BE3B00ABF7BB /* Bitmap.framework in Frameworks */,
			);
			runOnlyForDeploymentPostprocessing = 0;
		};
/* End PBXFrameworksBuildPhase section */

/* Begin PBXGroup section */
		952828D51EB9F7F20028149E = {
			isa = PBXGroup;
			children = (
				957BC5CD2034BE3B00ABF7BB /* Bitmap.framework */,
				952828E01EB9F7F20028149E /* Colorizer */,
				952828DF1EB9F7F20028149E /* Products */,
			);
			sourceTree = "<group>";
		};
		952828DF1EB9F7F20028149E /* Products */ = {
			isa = PBXGroup;
			children = (
				952828DE1EB9F7F20028149E /* Colorizer.app */,
			);
			name = Products;
			sourceTree = "<group>";
		};
		952828E01EB9F7F20028149E /* Colorizer */ = {
			isa = PBXGroup;
			children = (
				9550A0D5201F7E4F00BAF7EE /* Colorizer.entitlements */,
				9550A0D7201F9AE000BAF7EE /* Back End */,
				9550A0D6201F9AD700BAF7EE /* Front End */,
				952828E71EB9F7F20028149E /* Assets.xcassets */,
				956FAFA1216930FA00537324 /* DocumentIcon.icns */,
				952828EC1EB9F7F20028149E /* Info.plist */,
			);
			path = Colorizer;
			sourceTree = "<group>";
		};
		952C599D2034DC9B0001DC8D /* Cells */ = {
			isa = PBXGroup;
			children = (
				9595EA79201E5DF700634E8E /* HeaderCellView.swift */,
				9595EA7B201E5E0900634E8E /* ColorizationCellView.swift */,
				9595EA7D201E5E1A00634E8E /* TextureCellView.swift */,
				95EC77EA2037D5B200291145 /* PreviewItem.xib */,
			);
			path = Cells;
			sourceTree = "<group>";
		};
		9550A0D6201F9AD700BAF7EE /* Front End */ = {
			isa = PBXGroup;
			children = (
				952828E91EB9F7F20028149E /* Main.storyboard */,
				952828E11EB9F7F20028149E /* AppDelegate.swift */,
				952828F41EB9F86E0028149E /* UIHelpers.swift */,
				9550A0D9201F9B5300BAF7EE /* View Controllers */,
				9550A0D8201F9B3C00BAF7EE /* Views */,
			);
			path = "Front End";
			sourceTree = "<group>";
		};
		9550A0D7201F9AE000BAF7EE /* Back End */ = {
			isa = PBXGroup;
			children = (
				957BC5D32034BF6900ABF7BB /* Colorization.swift */,
				952828F21EB9F8090028149E /* ColorSet.swift */,
				952828E51EB9F7F20028149E /* ColorSetDocument.swift */,
				957BC5D12034BF5800ABF7BB /* Texture.swift */,
				9557FD12202FD95200F9FA6B /* Helpers.swift */,
				95EC77EC203896DD00291145 /* DiscardingQueue.swift */,
			);
			path = "Back End";
			sourceTree = "<group>";
		};
		9550A0D8201F9B3C00BAF7EE /* Views */ = {
			isa = PBXGroup;
			children = (
				952C599D2034DC9B0001DC8D /* Cells */,
				957BC5D52034DADE00ABF7BB /* GradientView.swift */,
				956568BA1EDCFA6A00F8E6BE /* PixelPerfectImageView.swift */,
				95C76D05202105A9005A72D1 /* SidebarView.swift */,
				957BC5CB2034993C00ABF7BB /* TextureLevelsView.swift */,
			);
			path = Views;
			sourceTree = "<group>";
		};
		9550A0D9201F9B5300BAF7EE /* View Controllers */ = {
			isa = PBXGroup;
			children = (
				952EAFF3202905B400988253 /* Base.swift */,
				952828E31EB9F7F20028149E /* MainViewController.swift */,
				95EC77F02038B15E00291145 /* PreviewViewController.swift */,
				9550A0D1201E8E0300BAF7EE /* HelpViewController.swift */,
				9550A0CF201E87FF00BAF7EE /* ColorizationViewController.swift */,
				957BC5C92033C85A00ABF7BB /* TextureViewController.swift */,
			);
			path = "View Controllers";
			sourceTree = "<group>";
		};
/* End PBXGroup section */

/* Begin PBXNativeTarget section */
		952828DD1EB9F7F20028149E /* Colorizer */ = {
			isa = PBXNativeTarget;
			buildConfigurationList = 952828EF1EB9F7F20028149E /* Build configuration list for PBXNativeTarget "Colorizer" */;
			buildPhases = (
				952828DA1EB9F7F20028149E /* Sources */,
				952828DB1EB9F7F20028149E /* Frameworks */,
				952828DC1EB9F7F20028149E /* Resources */,
				957BC5D02034BE3B00ABF7BB /* Embed Frameworks */,
			);
			buildRules = (
			);
			dependencies = (
			);
			name = Colorizer;
			productName = Colorizer;
			productReference = 952828DE1EB9F7F20028149E /* Colorizer.app */;
			productType = "com.apple.product-type.application";
		};
/* End PBXNativeTarget section */

/* Begin PBXProject section */
		952828D61EB9F7F20028149E /* Project object */ = {
			isa = PBXProject;
			attributes = {
				LastSwiftUpdateCheck = 0830;
				LastUpgradeCheck = 1000;
				ORGANIZATIONNAME = "Julian Dunskus";
				TargetAttributes = {
					952828DD1EB9F7F20028149E = {
						CreatedOnToolsVersion = 8.3.2;
						DevelopmentTeam = V2EPDFA9PV;
						LastSwiftMigration = 0900;
						ProvisioningStyle = Automatic;
						SystemCapabilities = {
							com.apple.Sandbox = {
								enabled = 0;
							};
						};
					};
				};
			};
			buildConfigurationList = 952828D91EB9F7F20028149E /* Build configuration list for PBXProject "Colorizer" */;
			compatibilityVersion = "Xcode 3.2";
			developmentRegion = English;
			hasScannedForEncodings = 0;
			knownRegions = (
				en,
				Base,
			);
			mainGroup = 952828D51EB9F7F20028149E;
			productRefGroup = 952828DF1EB9F7F20028149E /* Products */;
			projectDirPath = "";
			projectRoot = "";
			targets = (
				952828DD1EB9F7F20028149E /* Colorizer */,
			);
		};
/* End PBXProject section */

/* Begin PBXResourcesBuildPhase section */
		952828DC1EB9F7F20028149E /* Resources */ = {
			isa = PBXResourcesBuildPhase;
			buildActionMask = 2147483647;
			files = (
				956FAFA2216930FA00537324 /* DocumentIcon.icns in Resources */,
				952828E81EB9F7F20028149E /* Assets.xcassets in Resources */,
				952828EB1EB9F7F20028149E /* Main.storyboard in Resources */,
				95EC77EB2037D5B200291145 /* PreviewItem.xib in Resources */,
			);
			runOnlyForDeploymentPostprocessing = 0;
		};
/* End PBXResourcesBuildPhase section */

/* Begin PBXSourcesBuildPhase section */
		952828DA1EB9F7F20028149E /* Sources */ = {
			isa = PBXSourcesBuildPhase;
			buildActionMask = 2147483647;
			files = (
				9550A0D2201E8E0300BAF7EE /* HelpViewController.swift in Sources */,
				957BC5CC2034993C00ABF7BB /* TextureLevelsView.swift in Sources */,
				957BC5D62034DADE00ABF7BB /* GradientView.swift in Sources */,
				9595EA7C201E5E0900634E8E /* ColorizationCellView.swift in Sources */,
				9595EA7A201E5DF700634E8E /* HeaderCellView.swift in Sources */,
				9595EA7E201E5E1A00634E8E /* TextureCellView.swift in Sources */,
				957BC5D42034BF6A00ABF7BB /* Colorization.swift in Sources */,
				952EAFF4202905B400988253 /* Base.swift in Sources */,
				957BC5D22034BF5800ABF7BB /* Texture.swift in Sources */,
				957BC5CA2033C85A00ABF7BB /* TextureViewController.swift in Sources */,
				952828F31EB9F8090028149E /* ColorSet.swift in Sources */,
				956568BB1EDCFA6A00F8E6BE /* PixelPerfectImageView.swift in Sources */,
				952828E41EB9F7F20028149E /* MainViewController.swift in Sources */,
				95EC77ED203896DD00291145 /* DiscardingQueue.swift in Sources */,
				95EC77F12038B15E00291145 /* PreviewViewController.swift in Sources */,
				952828E21EB9F7F20028149E /* AppDelegate.swift in Sources */,
				9557FD13202FD95200F9FA6B /* Helpers.swift in Sources */,
				952828F51EB9F86E0028149E /* UIHelpers.swift in Sources */,
				9550A0D0201E87FF00BAF7EE /* ColorizationViewController.swift in Sources */,
				95C76D06202105A9005A72D1 /* SidebarView.swift in Sources */,
				952828E61EB9F7F20028149E /* ColorSetDocument.swift in Sources */,
			);
			runOnlyForDeploymentPostprocessing = 0;
		};
/* End PBXSourcesBuildPhase section */

/* Begin PBXVariantGroup section */
		952828E91EB9F7F20028149E /* Main.storyboard */ = {
			isa = PBXVariantGroup;
			children = (
				952828EA1EB9F7F20028149E /* Base */,
			);
			name = Main.storyboard;
			sourceTree = "<group>";
		};
/* End PBXVariantGroup section */

/* Begin XCBuildConfiguration section */
		952828ED1EB9F7F20028149E /* Debug */ = {
			isa = XCBuildConfiguration;
			buildSettings = {
				ALWAYS_SEARCH_USER_PATHS = NO;
				CLANG_ANALYZER_NONNULL = YES;
				CLANG_ANALYZER_NUMBER_OBJECT_CONVERSION = YES_AGGRESSIVE;
				CLANG_CXX_LANGUAGE_STANDARD = "gnu++0x";
				CLANG_CXX_LIBRARY = "libc++";
				CLANG_ENABLE_MODULES = YES;
				CLANG_ENABLE_OBJC_ARC = YES;
				CLANG_WARN_BLOCK_CAPTURE_AUTORELEASING = YES;
				CLANG_WARN_BOOL_CONVERSION = YES;
				CLANG_WARN_COMMA = YES;
				CLANG_WARN_CONSTANT_CONVERSION = YES;
				CLANG_WARN_DEPRECATED_OBJC_IMPLEMENTATIONS = YES;
				CLANG_WARN_DIRECT_OBJC_ISA_USAGE = YES_ERROR;
				CLANG_WARN_DOCUMENTATION_COMMENTS = YES;
				CLANG_WARN_EMPTY_BODY = YES;
				CLANG_WARN_ENUM_CONVERSION = YES;
				CLANG_WARN_INFINITE_RECURSION = YES;
				CLANG_WARN_INT_CONVERSION = YES;
				CLANG_WARN_NON_LITERAL_NULL_CONVERSION = YES;
				CLANG_WARN_OBJC_IMPLICIT_RETAIN_SELF = YES;
				CLANG_WARN_OBJC_LITERAL_CONVERSION = YES;
				CLANG_WARN_OBJC_ROOT_CLASS = YES_ERROR;
				CLANG_WARN_RANGE_LOOP_ANALYSIS = YES;
				CLANG_WARN_STRICT_PROTOTYPES = YES;
				CLANG_WARN_SUSPICIOUS_MOVE = YES;
				CLANG_WARN_UNREACHABLE_CODE = YES;
				CLANG_WARN__DUPLICATE_METHOD_MATCH = YES;
				CODE_SIGN_IDENTITY = "-";
				COPY_PHASE_STRIP = NO;
				DEBUG_INFORMATION_FORMAT = dwarf;
				ENABLE_STRICT_OBJC_MSGSEND = YES;
				ENABLE_TESTABILITY = YES;
				GCC_C_LANGUAGE_STANDARD = gnu99;
				GCC_DYNAMIC_NO_PIC = NO;
				GCC_NO_COMMON_BLOCKS = YES;
				GCC_OPTIMIZATION_LEVEL = 0;
				GCC_PREPROCESSOR_DEFINITIONS = (
					"DEBUG=1",
					"$(inherited)",
				);
				GCC_WARN_64_TO_32_BIT_CONVERSION = YES;
				GCC_WARN_ABOUT_RETURN_TYPE = YES_ERROR;
				GCC_WARN_UNDECLARED_SELECTOR = YES;
				GCC_WARN_UNINITIALIZED_AUTOS = YES_AGGRESSIVE;
				GCC_WARN_UNUSED_FUNCTION = YES;
				GCC_WARN_UNUSED_VARIABLE = YES;
				MACOSX_DEPLOYMENT_TARGET = 10.12;
				MTL_ENABLE_DEBUG_INFO = YES;
				ONLY_ACTIVE_ARCH = YES;
				SDKROOT = macosx;
				SWIFT_ACTIVE_COMPILATION_CONDITIONS = DEBUG;
				SWIFT_OPTIMIZATION_LEVEL = "-Onone";
			};
			name = Debug;
		};
		952828EE1EB9F7F20028149E /* Release */ = {
			isa = XCBuildConfiguration;
			buildSettings = {
				ALWAYS_SEARCH_USER_PATHS = NO;
				CLANG_ANALYZER_NONNULL = YES;
				CLANG_ANALYZER_NUMBER_OBJECT_CONVERSION = YES_AGGRESSIVE;
				CLANG_CXX_LANGUAGE_STANDARD = "gnu++0x";
				CLANG_CXX_LIBRARY = "libc++";
				CLANG_ENABLE_MODULES = YES;
				CLANG_ENABLE_OBJC_ARC = YES;
				CLANG_WARN_BLOCK_CAPTURE_AUTORELEASING = YES;
				CLANG_WARN_BOOL_CONVERSION = YES;
				CLANG_WARN_COMMA = YES;
				CLANG_WARN_CONSTANT_CONVERSION = YES;
				CLANG_WARN_DEPRECATED_OBJC_IMPLEMENTATIONS = YES;
				CLANG_WARN_DIRECT_OBJC_ISA_USAGE = YES_ERROR;
				CLANG_WARN_DOCUMENTATION_COMMENTS = YES;
				CLANG_WARN_EMPTY_BODY = YES;
				CLANG_WARN_ENUM_CONVERSION = YES;
				CLANG_WARN_INFINITE_RECURSION = YES;
				CLANG_WARN_INT_CONVERSION = YES;
				CLANG_WARN_NON_LITERAL_NULL_CONVERSION = YES;
				CLANG_WARN_OBJC_IMPLICIT_RETAIN_SELF = YES;
				CLANG_WARN_OBJC_LITERAL_CONVERSION = YES;
				CLANG_WARN_OBJC_ROOT_CLASS = YES_ERROR;
				CLANG_WARN_RANGE_LOOP_ANALYSIS = YES;
				CLANG_WARN_STRICT_PROTOTYPES = YES;
				CLANG_WARN_SUSPICIOUS_MOVE = YES;
				CLANG_WARN_UNREACHABLE_CODE = YES;
				CLANG_WARN__DUPLICATE_METHOD_MATCH = YES;
				CODE_SIGN_IDENTITY = "-";
				COPY_PHASE_STRIP = NO;
				DEBUG_INFORMATION_FORMAT = "dwarf-with-dsym";
				ENABLE_NS_ASSERTIONS = NO;
				ENABLE_STRICT_OBJC_MSGSEND = YES;
				GCC_C_LANGUAGE_STANDARD = gnu99;
				GCC_NO_COMMON_BLOCKS = YES;
				GCC_WARN_64_TO_32_BIT_CONVERSION = YES;
				GCC_WARN_ABOUT_RETURN_TYPE = YES_ERROR;
				GCC_WARN_UNDECLARED_SELECTOR = YES;
				GCC_WARN_UNINITIALIZED_AUTOS = YES_AGGRESSIVE;
				GCC_WARN_UNUSED_FUNCTION = YES;
				GCC_WARN_UNUSED_VARIABLE = YES;
				MACOSX_DEPLOYMENT_TARGET = 10.12;
				MTL_ENABLE_DEBUG_INFO = NO;
				SDKROOT = macosx;
				SWIFT_OPTIMIZATION_LEVEL = "-Owholemodule";
			};
			name = Release;
		};
		952828F01EB9F7F20028149E /* Debug */ = {
			isa = XCBuildConfiguration;
			buildSettings = {
				ASSETCATALOG_COMPILER_APPICON_NAME = AppIcon;
				COMBINE_HIDPI_IMAGES = YES;
				DEVELOPMENT_TEAM = V2EPDFA9PV;
				FRAMEWORK_SEARCH_PATHS = (
					"$(inherited)",
					"$(PROJECT_DIR)/Carthage/Build/Mac",
				);
				INFOPLIST_FILE = Colorizer/Info.plist;
				LD_RUNPATH_SEARCH_PATHS = "$(inherited) @executable_path/../Frameworks";
				MACOSX_DEPLOYMENT_TARGET = 10.12;
				PRODUCT_BUNDLE_IDENTIFIER = com.juliand665.Colorizer;
				PRODUCT_NAME = "$(TARGET_NAME)";
				SWIFT_VERSION = 4.0;
			};
			name = Debug;
		};
		952828F11EB9F7F20028149E /* Release */ = {
			isa = XCBuildConfiguration;
			buildSettings = {
				ASSETCATALOG_COMPILER_APPICON_NAME = AppIcon;
				COMBINE_HIDPI_IMAGES = YES;
				DEVELOPMENT_TEAM = V2EPDFA9PV;
				FRAMEWORK_SEARCH_PATHS = (
					"$(inherited)",
					"$(PROJECT_DIR)/Carthage/Build/Mac",
				);
				INFOPLIST_FILE = Colorizer/Info.plist;
				LD_RUNPATH_SEARCH_PATHS = "$(inherited) @executable_path/../Frameworks";
				MACOSX_DEPLOYMENT_TARGET = 10.12;
				PRODUCT_BUNDLE_IDENTIFIER = com.juliand665.Colorizer;
				PRODUCT_NAME = "$(TARGET_NAME)";
				SWIFT_VERSION = 4.0;
			};
			name = Release;
		};
/* End XCBuildConfiguration section */

/* Begin XCConfigurationList section */
		952828D91EB9F7F20028149E /* Build configuration list for PBXProject "Colorizer" */ = {
			isa = XCConfigurationList;
			buildConfigurations = (
				952828ED1EB9F7F20028149E /* Debug */,
				952828EE1EB9F7F20028149E /* Release */,
			);
			defaultConfigurationIsVisible = 0;
			defaultConfigurationName = Release;
		};
		952828EF1EB9F7F20028149E /* Build configuration list for PBXNativeTarget "Colorizer" */ = {
			isa = XCConfigurationList;
			buildConfigurations = (
				952828F01EB9F7F20028149E /* Debug */,
				952828F11EB9F7F20028149E /* Release */,
			);
			defaultConfigurationIsVisible = 0;
			defaultConfigurationName = Release;
		};
/* End XCConfigurationList section */
	};
	rootObject = 952828D61EB9F7F20028149E /* Project object */;
}
